// !$*UTF8*$!
{
	archiveVersion = 1;
	classes = {
	};
	objectVersion = 77;
	objects = {

/* Begin PBXBuildFile section */
		2FBCCE922E0A6D6E00DF0431 /* Do not translate reddit Extension.appex in Embed Foundation Extensions */ = {isa = PBXBuildFile; fileRef = 2FBCCE912E0A6D6E00DF0431 /* Do not translate reddit Extension.appex */; settings = {ATTRIBUTES = (RemoveHeadersOnCopy, ); }; };
		2FBCCE9C2E0A6D6E00DF0431 /* Do not translate reddit Extension.appex in Embed Foundation Extensions */ = {isa = PBXBuildFile; fileRef = 2FBCCE9B2E0A6D6E00DF0431 /* Do not translate reddit Extension.appex */; settings = {ATTRIBUTES = (RemoveHeadersOnCopy, ); }; };
/* End PBXBuildFile section */

/* Begin PBXContainerItemProxy section */
		2FBCCE932E0A6D6E00DF0431 /* PBXContainerItemProxy */ = {
			isa = PBXContainerItemProxy;
			containerPortal = 2FBCCE572E0A6D6C00DF0431 /* Project object */;
			proxyType = 1;
			remoteGlobalIDString = 2FBCCE902E0A6D6E00DF0431;
			remoteInfo = "Do not translate reddit Extension (iOS)";
		};
		2FBCCE9D2E0A6D6E00DF0431 /* PBXContainerItemProxy */ = {
			isa = PBXContainerItemProxy;
			containerPortal = 2FBCCE572E0A6D6C00DF0431 /* Project object */;
			proxyType = 1;
			remoteGlobalIDString = 2FBCCE9A2E0A6D6E00DF0431;
			remoteInfo = "Do not translate reddit Extension (macOS)";
		};
/* End PBXContainerItemProxy section */

/* Begin PBXCopyFilesBuildPhase section */
		2FBCCEC52E0A6D6E00DF0431 /* Embed Foundation Extensions */ = {
			isa = PBXCopyFilesBuildPhase;
			buildActionMask = 2147483647;
			dstPath = "";
			dstSubfolderSpec = 13;
			files = (
				2FBCCE922E0A6D6E00DF0431 /* Do not translate reddit Extension.appex in Embed Foundation Extensions */,
			);
			name = "Embed Foundation Extensions";
			runOnlyForDeploymentPostprocessing = 0;
		};
		2FBCCECF2E0A6D6E00DF0431 /* Embed Foundation Extensions */ = {
			isa = PBXCopyFilesBuildPhase;
			buildActionMask = 2147483647;
			dstPath = "";
			dstSubfolderSpec = 13;
			files = (
				2FBCCE9C2E0A6D6E00DF0431 /* Do not translate reddit Extension.appex in Embed Foundation Extensions */,
			);
			name = "Embed Foundation Extensions";
			runOnlyForDeploymentPostprocessing = 0;
		};
/* End PBXCopyFilesBuildPhase section */

/* Begin PBXFileReference section */
		2FBCCE732E0A6D6E00DF0431 /* Do not translate reddit.app */ = {isa = PBXFileReference; explicitFileType = wrapper.application; includeInIndex = 0; path = "Do not translate reddit.app"; sourceTree = BUILT_PRODUCTS_DIR; };
		2FBCCE852E0A6D6E00DF0431 /* Do not translate reddit.app */ = {isa = PBXFileReference; explicitFileType = wrapper.application; includeInIndex = 0; path = "Do not translate reddit.app"; sourceTree = BUILT_PRODUCTS_DIR; };
		2FBCCE912E0A6D6E00DF0431 /* Do not translate reddit Extension.appex */ = {isa = PBXFileReference; explicitFileType = "wrapper.app-extension"; includeInIndex = 0; path = "Do not translate reddit Extension.appex"; sourceTree = BUILT_PRODUCTS_DIR; };
		2FBCCE9B2E0A6D6E00DF0431 /* Do not translate reddit Extension.appex */ = {isa = PBXFileReference; explicitFileType = "wrapper.app-extension"; includeInIndex = 0; path = "Do not translate reddit Extension.appex"; sourceTree = BUILT_PRODUCTS_DIR; };
/* End PBXFileReference section */

/* Begin PBXFileSystemSynchronizedBuildFileExceptionSet section */
		2FBCCEC02E0A6D6E00DF0431 /* Exceptions for "Shared (App)" folder in "Do not translate reddit (iOS)" target */ = {
			isa = PBXFileSystemSynchronizedBuildFileExceptionSet;
			membershipExceptions = (
				"/Localized: Resources/Main.html",
				Assets.xcassets,
				Resources/Icon.png,
				Resources/Script.js,
				Resources/Style.css,
				ViewController.swift,
			);
			target = 2FBCCE722E0A6D6E00DF0431 /* Do not translate reddit (iOS) */;
		};
		2FBCCEC42E0A6D6E00DF0431 /* Exceptions for "iOS (Extension)" folder in "Do not translate reddit Extension (iOS)" target */ = {
			isa = PBXFileSystemSynchronizedBuildFileExceptionSet;
			membershipExceptions = (
				Info.plist,
			);
			target = 2FBCCE902E0A6D6E00DF0431 /* Do not translate reddit Extension (iOS) */;
		};
		2FBCCEC92E0A6D6E00DF0431 /* Exceptions for "iOS (App)" folder in "Do not translate reddit (iOS)" target */ = {
			isa = PBXFileSystemSynchronizedBuildFileExceptionSet;
			membershipExceptions = (
				Info.plist,
			);
			target = 2FBCCE722E0A6D6E00DF0431 /* Do not translate reddit (iOS) */;
		};
		2FBCCECA2E0A6D6E00DF0431 /* Exceptions for "Shared (App)" folder in "Do not translate reddit (macOS)" target */ = {
			isa = PBXFileSystemSynchronizedBuildFileExceptionSet;
			membershipExceptions = (
				"/Localized: Resources/Main.html",
				Assets.xcassets,
				Resources/Icon.png,
				Resources/Script.js,
				Resources/Style.css,
				ViewController.swift,
			);
			target = 2FBCCE842E0A6D6E00DF0431 /* Do not translate reddit (macOS) */;
		};
		2FBCCECE2E0A6D6E00DF0431 /* Exceptions for "macOS (Extension)" folder in "Do not translate reddit Extension (macOS)" target */ = {
			isa = PBXFileSystemSynchronizedBuildFileExceptionSet;
			membershipExceptions = (
				Info.plist,
			);
			target = 2FBCCE9A2E0A6D6E00DF0431 /* Do not translate reddit Extension (macOS) */;
		};
		2FBCCED32E0A6D6E00DF0431 /* Exceptions for "Shared (Extension)" folder in "Do not translate reddit Extension (iOS)" target */ = {
			isa = PBXFileSystemSynchronizedBuildFileExceptionSet;
			membershipExceptions = (
				Resources/_locales,
				Resources/background.js,
				Resources/content.js,
				Resources/images,
				Resources/manifest.json,
				Resources/popup.css,
				Resources/popup.html,
				Resources/popup.js,
				SafariWebExtensionHandler.swift,
			);
			target = 2FBCCE902E0A6D6E00DF0431 /* Do not translate reddit Extension (iOS) */;
		};
		2FBCCED42E0A6D6E00DF0431 /* Exceptions for "Shared (Extension)" folder in "Do not translate reddit Extension (macOS)" target */ = {
			isa = PBXFileSystemSynchronizedBuildFileExceptionSet;
			membershipExceptions = (
				Resources/_locales,
				Resources/background.js,
				Resources/content.js,
				Resources/images,
				Resources/manifest.json,
				Resources/popup.css,
				Resources/popup.html,
				Resources/popup.js,
				SafariWebExtensionHandler.swift,
			);
			target = 2FBCCE9A2E0A6D6E00DF0431 /* Do not translate reddit Extension (macOS) */;
		};
/* End PBXFileSystemSynchronizedBuildFileExceptionSet section */

/* Begin PBXFileSystemSynchronizedRootGroup section */
		2FBCCE5B2E0A6D6C00DF0431 /* Shared (App) */ = {
			isa = PBXFileSystemSynchronizedRootGroup;
			exceptions = (
				2FBCCEC02E0A6D6E00DF0431 /* Exceptions for "Shared (App)" folder in "Do not translate reddit (iOS)" target */,
				2FBCCECA2E0A6D6E00DF0431 /* Exceptions for "Shared (App)" folder in "Do not translate reddit (macOS)" target */,
			);
			path = "Shared (App)";
			sourceTree = "<group>";
		};
		2FBCCE642E0A6D6E00DF0431 /* Shared (Extension) */ = {
			isa = PBXFileSystemSynchronizedRootGroup;
			exceptions = (
				2FBCCED32E0A6D6E00DF0431 /* Exceptions for "Shared (Extension)" folder in "Do not translate reddit Extension (iOS)" target */,
				2FBCCED42E0A6D6E00DF0431 /* Exceptions for "Shared (Extension)" folder in "Do not translate reddit Extension (macOS)" target */,
			);
			explicitFolders = (
				Resources/_locales,
				Resources/images,
			);
			path = "Shared (Extension)";
			sourceTree = "<group>";
		};
		2FBCCE752E0A6D6E00DF0431 /* iOS (App) */ = {
			isa = PBXFileSystemSynchronizedRootGroup;
			exceptions = (
				2FBCCEC92E0A6D6E00DF0431 /* Exceptions for "iOS (App)" folder in "Do not translate reddit (iOS)" target */,
			);
			path = "iOS (App)";
			sourceTree = "<group>";
		};
		2FBCCE862E0A6D6E00DF0431 /* macOS (App) */ = {
			isa = PBXFileSystemSynchronizedRootGroup;
			path = "macOS (App)";
			sourceTree = "<group>";
		};
		2FBCCE952E0A6D6E00DF0431 /* iOS (Extension) */ = {
			isa = PBXFileSystemSynchronizedRootGroup;
			exceptions = (
				2FBCCEC42E0A6D6E00DF0431 /* Exceptions for "iOS (Extension)" folder in "Do not translate reddit Extension (iOS)" target */,
			);
			path = "iOS (Extension)";
			sourceTree = "<group>";
		};
		2FBCCE9F2E0A6D6E00DF0431 /* macOS (Extension) */ = {
			isa = PBXFileSystemSynchronizedRootGroup;
			exceptions = (
				2FBCCECE2E0A6D6E00DF0431 /* Exceptions for "macOS (Extension)" folder in "Do not translate reddit Extension (macOS)" target */,
			);
			path = "macOS (Extension)";
			sourceTree = "<group>";
		};
/* End PBXFileSystemSynchronizedRootGroup section */

/* Begin PBXFrameworksBuildPhase section */
		2FBCCE702E0A6D6E00DF0431 /* Frameworks */ = {
			isa = PBXFrameworksBuildPhase;
			buildActionMask = 2147483647;
			files = (
			);
			runOnlyForDeploymentPostprocessing = 0;
		};
		2FBCCE822E0A6D6E00DF0431 /* Frameworks */ = {
			isa = PBXFrameworksBuildPhase;
			buildActionMask = 2147483647;
			files = (
			);
			runOnlyForDeploymentPostprocessing = 0;
		};
		2FBCCE8E2E0A6D6E00DF0431 /* Frameworks */ = {
			isa = PBXFrameworksBuildPhase;
			buildActionMask = 2147483647;
			files = (
			);
			runOnlyForDeploymentPostprocessing = 0;
		};
		2FBCCE982E0A6D6E00DF0431 /* Frameworks */ = {
			isa = PBXFrameworksBuildPhase;
			buildActionMask = 2147483647;
			files = (
			);
			runOnlyForDeploymentPostprocessing = 0;
		};
/* End PBXFrameworksBuildPhase section */

/* Begin PBXGroup section */
		2FBCCE562E0A6D6C00DF0431 = {
			isa = PBXGroup;
			children = (
				2FBCCE5B2E0A6D6C00DF0431 /* Shared (App) */,
				2FBCCE642E0A6D6E00DF0431 /* Shared (Extension) */,
				2FBCCE752E0A6D6E00DF0431 /* iOS (App) */,
				2FBCCE862E0A6D6E00DF0431 /* macOS (App) */,
				2FBCCE952E0A6D6E00DF0431 /* iOS (Extension) */,
				2FBCCE9F2E0A6D6E00DF0431 /* macOS (Extension) */,
				2FBCCE742E0A6D6E00DF0431 /* Products */,
			);
			sourceTree = "<group>";
		};
		2FBCCE742E0A6D6E00DF0431 /* Products */ = {
			isa = PBXGroup;
			children = (
				2FBCCE732E0A6D6E00DF0431 /* Do not translate reddit.app */,
				2FBCCE852E0A6D6E00DF0431 /* Do not translate reddit.app */,
				2FBCCE912E0A6D6E00DF0431 /* Do not translate reddit Extension.appex */,
				2FBCCE9B2E0A6D6E00DF0431 /* Do not translate reddit Extension.appex */,
			);
			name = Products;
			sourceTree = "<group>";
		};
/* End PBXGroup section */

/* Begin PBXNativeTarget section */
		2FBCCE722E0A6D6E00DF0431 /* Do not translate reddit (iOS) */ = {
			isa = PBXNativeTarget;
			buildConfigurationList = 2FBCCEC62E0A6D6E00DF0431 /* Build configuration list for PBXNativeTarget "Do not translate reddit (iOS)" */;
			buildPhases = (
				2FBCCE6F2E0A6D6E00DF0431 /* Sources */,
				2FBCCE702E0A6D6E00DF0431 /* Frameworks */,
				2FBCCE712E0A6D6E00DF0431 /* Resources */,
				2FBCCEC52E0A6D6E00DF0431 /* Embed Foundation Extensions */,
			);
			buildRules = (
			);
			dependencies = (
				2FBCCE942E0A6D6E00DF0431 /* PBXTargetDependency */,
			);
			fileSystemSynchronizedGroups = (
				2FBCCE752E0A6D6E00DF0431 /* iOS (App) */,
			);
			name = "Do not translate reddit (iOS)";
			packageProductDependencies = (
			);
			productName = "Do not translate reddit (iOS)";
			productReference = 2FBCCE732E0A6D6E00DF0431 /* Do not translate reddit.app */;
			productType = "com.apple.product-type.application";
		};
		2FBCCE842E0A6D6E00DF0431 /* Do not translate reddit (macOS) */ = {
			isa = PBXNativeTarget;
			buildConfigurationList = 2FBCCED02E0A6D6E00DF0431 /* Build configuration list for PBXNativeTarget "Do not translate reddit (macOS)" */;
			buildPhases = (
				2FBCCE812E0A6D6E00DF0431 /* Sources */,
				2FBCCE822E0A6D6E00DF0431 /* Frameworks */,
				2FBCCE832E0A6D6E00DF0431 /* Resources */,
				2FBCCECF2E0A6D6E00DF0431 /* Embed Foundation Extensions */,
			);
			buildRules = (
			);
			dependencies = (
				2FBCCE9E2E0A6D6E00DF0431 /* PBXTargetDependency */,
			);
			fileSystemSynchronizedGroups = (
				2FBCCE862E0A6D6E00DF0431 /* macOS (App) */,
			);
			name = "Do not translate reddit (macOS)";
			packageProductDependencies = (
			);
			productName = "Do not translate reddit (macOS)";
			productReference = 2FBCCE852E0A6D6E00DF0431 /* Do not translate reddit.app */;
			productType = "com.apple.product-type.application";
		};
		2FBCCE902E0A6D6E00DF0431 /* Do not translate reddit Extension (iOS) */ = {
			isa = PBXNativeTarget;
			buildConfigurationList = 2FBCCEC12E0A6D6E00DF0431 /* Build configuration list for PBXNativeTarget "Do not translate reddit Extension (iOS)" */;
			buildPhases = (
				2FBCCE8D2E0A6D6E00DF0431 /* Sources */,
				2FBCCE8E2E0A6D6E00DF0431 /* Frameworks */,
				2FBCCE8F2E0A6D6E00DF0431 /* Resources */,
			);
			buildRules = (
			);
			dependencies = (
			);
			fileSystemSynchronizedGroups = (
				2FBCCE952E0A6D6E00DF0431 /* iOS (Extension) */,
			);
			name = "Do not translate reddit Extension (iOS)";
			packageProductDependencies = (
			);
			productName = "Do not translate reddit Extension (iOS)";
			productReference = 2FBCCE912E0A6D6E00DF0431 /* Do not translate reddit Extension.appex */;
			productType = "com.apple.product-type.app-extension";
		};
		2FBCCE9A2E0A6D6E00DF0431 /* Do not translate reddit Extension (macOS) */ = {
			isa = PBXNativeTarget;
			buildConfigurationList = 2FBCCECB2E0A6D6E00DF0431 /* Build configuration list for PBXNativeTarget "Do not translate reddit Extension (macOS)" */;
			buildPhases = (
				2FBCCE972E0A6D6E00DF0431 /* Sources */,
				2FBCCE982E0A6D6E00DF0431 /* Frameworks */,
				2FBCCE992E0A6D6E00DF0431 /* Resources */,
			);
			buildRules = (
			);
			dependencies = (
			);
			fileSystemSynchronizedGroups = (
				2FBCCE9F2E0A6D6E00DF0431 /* macOS (Extension) */,
			);
			name = "Do not translate reddit Extension (macOS)";
			packageProductDependencies = (
			);
			productName = "Do not translate reddit Extension (macOS)";
			productReference = 2FBCCE9B2E0A6D6E00DF0431 /* Do not translate reddit Extension.appex */;
			productType = "com.apple.product-type.app-extension";
		};
/* End PBXNativeTarget section */

/* Begin PBXProject section */
		2FBCCE572E0A6D6C00DF0431 /* Project object */ = {
			isa = PBXProject;
			attributes = {
				BuildIndependentTargetsInParallel = 1;
				LastSwiftUpdateCheck = 1640;
				LastUpgradeCheck = 1640;
				TargetAttributes = {
					2FBCCE722E0A6D6E00DF0431 = {
						CreatedOnToolsVersion = 16.4;
					};
					2FBCCE842E0A6D6E00DF0431 = {
						CreatedOnToolsVersion = 16.4;
					};
					2FBCCE902E0A6D6E00DF0431 = {
						CreatedOnToolsVersion = 16.4;
					};
					2FBCCE9A2E0A6D6E00DF0431 = {
						CreatedOnToolsVersion = 16.4;
					};
				};
			};
			buildConfigurationList = 2FBCCE5A2E0A6D6C00DF0431 /* Build configuration list for PBXProject "Do not translate reddit" */;
			developmentRegion = en;
			hasScannedForEncodings = 0;
			knownRegions = (
				en,
				Base,
			);
			mainGroup = 2FBCCE562E0A6D6C00DF0431;
			minimizedProjectReferenceProxies = 1;
			preferredProjectObjectVersion = 77;
			productRefGroup = 2FBCCE742E0A6D6E00DF0431 /* Products */;
			projectDirPath = "";
			projectRoot = "";
			targets = (
				2FBCCE722E0A6D6E00DF0431 /* Do not translate reddit (iOS) */,
				2FBCCE842E0A6D6E00DF0431 /* Do not translate reddit (macOS) */,
				2FBCCE902E0A6D6E00DF0431 /* Do not translate reddit Extension (iOS) */,
				2FBCCE9A2E0A6D6E00DF0431 /* Do not translate reddit Extension (macOS) */,
			);
		};
/* End PBXProject section */

/* Begin PBXResourcesBuildPhase section */
		2FBCCE712E0A6D6E00DF0431 /* Resources */ = {
			isa = PBXResourcesBuildPhase;
			buildActionMask = 2147483647;
			files = (
			);
			runOnlyForDeploymentPostprocessing = 0;
		};
		2FBCCE832E0A6D6E00DF0431 /* Resources */ = {
			isa = PBXResourcesBuildPhase;
			buildActionMask = 2147483647;
			files = (
			);
			runOnlyForDeploymentPostprocessing = 0;
		};
		2FBCCE8F2E0A6D6E00DF0431 /* Resources */ = {
			isa = PBXResourcesBuildPhase;
			buildActionMask = 2147483647;
			files = (
			);
			runOnlyForDeploymentPostprocessing = 0;
		};
		2FBCCE992E0A6D6E00DF0431 /* Resources */ = {
			isa = PBXResourcesBuildPhase;
			buildActionMask = 2147483647;
			files = (
			);
			runOnlyForDeploymentPostprocessing = 0;
		};
/* End PBXResourcesBuildPhase section */

/* Begin PBXSourcesBuildPhase section */
		2FBCCE6F2E0A6D6E00DF0431 /* Sources */ = {
			isa = PBXSourcesBuildPhase;
			buildActionMask = 2147483647;
			files = (
			);
			runOnlyForDeploymentPostprocessing = 0;
		};
		2FBCCE812E0A6D6E00DF0431 /* Sources */ = {
			isa = PBXSourcesBuildPhase;
			buildActionMask = 2147483647;
			files = (
			);
			runOnlyForDeploymentPostprocessing = 0;
		};
		2FBCCE8D2E0A6D6E00DF0431 /* Sources */ = {
			isa = PBXSourcesBuildPhase;
			buildActionMask = 2147483647;
			files = (
			);
			runOnlyForDeploymentPostprocessing = 0;
		};
		2FBCCE972E0A6D6E00DF0431 /* Sources */ = {
			isa = PBXSourcesBuildPhase;
			buildActionMask = 2147483647;
			files = (
			);
			runOnlyForDeploymentPostprocessing = 0;
		};
/* End PBXSourcesBuildPhase section */

/* Begin PBXTargetDependency section */
		2FBCCE942E0A6D6E00DF0431 /* PBXTargetDependency */ = {
			isa = PBXTargetDependency;
			target = 2FBCCE902E0A6D6E00DF0431 /* Do not translate reddit Extension (iOS) */;
			targetProxy = 2FBCCE932E0A6D6E00DF0431 /* PBXContainerItemProxy */;
		};
		2FBCCE9E2E0A6D6E00DF0431 /* PBXTargetDependency */ = {
			isa = PBXTargetDependency;
			target = 2FBCCE9A2E0A6D6E00DF0431 /* Do not translate reddit Extension (macOS) */;
			targetProxy = 2FBCCE9D2E0A6D6E00DF0431 /* PBXContainerItemProxy */;
		};
/* End PBXTargetDependency section */

/* Begin XCBuildConfiguration section */
		2FBCCEC22E0A6D6E00DF0431 /* Debug */ = {
			isa = XCBuildConfiguration;
			buildSettings = {
				CODE_SIGN_STYLE = Automatic;
				CURRENT_PROJECT_VERSION = 1;
				DEVELOPMENT_TEAM = 84ML4G2PN8;
				GENERATE_INFOPLIST_FILE = YES;
				INFOPLIST_FILE = "iOS (Extension)/Info.plist";
				INFOPLIST_KEY_CFBundleDisplayName = "Do not translate reddit Extension";
				INFOPLIST_KEY_NSHumanReadableCopyright = "";
				IPHONEOS_DEPLOYMENT_TARGET = 15.0;
				LD_RUNPATH_SEARCH_PATHS = (
					"$(inherited)",
					"@executable_path/Frameworks",
					"@executable_path/../../Frameworks",
				);
				MARKETING_VERSION = 1.0.1;
				OTHER_LDFLAGS = (
					"-framework",
					SafariServices,
				);
				PRODUCT_BUNDLE_IDENTIFIER = "io.github.TaYaKi71751.Do-not-translate-reddit.Extension";
				PRODUCT_NAME = "Do not translate reddit Extension";
				SDKROOT = iphoneos;
				SKIP_INSTALL = YES;
				SWIFT_EMIT_LOC_STRINGS = YES;
				SWIFT_VERSION = 5.0;
				TARGETED_DEVICE_FAMILY = "1,2";
			};
			name = Debug;
		};
		2FBCCEC32E0A6D6E00DF0431 /* Release */ = {
			isa = XCBuildConfiguration;
			buildSettings = {
				CODE_SIGN_STYLE = Automatic;
				CURRENT_PROJECT_VERSION = 1;
				DEVELOPMENT_TEAM = 84ML4G2PN8;
				GENERATE_INFOPLIST_FILE = YES;
				INFOPLIST_FILE = "iOS (Extension)/Info.plist";
				INFOPLIST_KEY_CFBundleDisplayName = "Do not translate reddit Extension";
				INFOPLIST_KEY_NSHumanReadableCopyright = "";
				IPHONEOS_DEPLOYMENT_TARGET = 15.0;
				LD_RUNPATH_SEARCH_PATHS = (
					"$(inherited)",
					"@executable_path/Frameworks",
					"@executable_path/../../Frameworks",
				);
				MARKETING_VERSION = 1.0.1;
				OTHER_LDFLAGS = (
					"-framework",
					SafariServices,
				);
				PRODUCT_BUNDLE_IDENTIFIER = "io.github.TaYaKi71751.Do-not-translate-reddit.Extension";
				PRODUCT_NAME = "Do not translate reddit Extension";
				SDKROOT = iphoneos;
				SKIP_INSTALL = YES;
				SWIFT_EMIT_LOC_STRINGS = YES;
				SWIFT_VERSION = 5.0;
				TARGETED_DEVICE_FAMILY = "1,2";
				VALIDATE_PRODUCT = YES;
			};
			name = Release;
		};
		2FBCCEC72E0A6D6E00DF0431 /* Debug */ = {
			isa = XCBuildConfiguration;
			buildSettings = {
				ASSETCATALOG_COMPILER_APPICON_NAME = AppIcon;
				ASSETCATALOG_COMPILER_GLOBAL_ACCENT_COLOR_NAME = AccentColor;
				CODE_SIGN_STYLE = Automatic;
				CURRENT_PROJECT_VERSION = 1;
				DEVELOPMENT_TEAM = 84ML4G2PN8;
				GENERATE_INFOPLIST_FILE = YES;
				INFOPLIST_FILE = "iOS (App)/Info.plist";
				INFOPLIST_KEY_CFBundleDisplayName = "Do not translate reddit";
				INFOPLIST_KEY_LSApplicationCategoryType = "public.app-category.utilities";
				INFOPLIST_KEY_UIApplicationSupportsIndirectInputEvents = YES;
				INFOPLIST_KEY_UILaunchStoryboardName = LaunchScreen;
				INFOPLIST_KEY_UIMainStoryboardFile = Main;
				INFOPLIST_KEY_UISupportedInterfaceOrientations = "UIInterfaceOrientationPortrait UIInterfaceOrientationLandscapeLeft UIInterfaceOrientationLandscapeRight";
				INFOPLIST_KEY_UISupportedInterfaceOrientations_iPad = "UIInterfaceOrientationPortrait UIInterfaceOrientationPortraitUpsideDown UIInterfaceOrientationLandscapeLeft UIInterfaceOrientationLandscapeRight";
				IPHONEOS_DEPLOYMENT_TARGET = 15.0;
				LD_RUNPATH_SEARCH_PATHS = (
					"$(inherited)",
					"@executable_path/Frameworks",
				);
				MARKETING_VERSION = 1.0.1;
				OTHER_LDFLAGS = (
					"-framework",
					SafariServices,
					"-framework",
					WebKit,
				);
				PRODUCT_BUNDLE_IDENTIFIER = "io.github.TaYaKi71751.Do-not-translate-reddit";
				PRODUCT_NAME = "Do not translate reddit";
				SDKROOT = iphoneos;
				SWIFT_EMIT_LOC_STRINGS = YES;
				SWIFT_VERSION = 5.0;
				TARGETED_DEVICE_FAMILY = "1,2";
			};
			name = Debug;
		};
		2FBCCEC82E0A6D6E00DF0431 /* Release */ = {
			isa = XCBuildConfiguration;
			buildSettings = {
				ASSETCATALOG_COMPILER_APPICON_NAME = AppIcon;
				ASSETCATALOG_COMPILER_GLOBAL_ACCENT_COLOR_NAME = AccentColor;
				CODE_SIGN_STYLE = Automatic;
				CURRENT_PROJECT_VERSION = 1;
				DEVELOPMENT_TEAM = 84ML4G2PN8;
				GENERATE_INFOPLIST_FILE = YES;
				INFOPLIST_FILE = "iOS (App)/Info.plist";
				INFOPLIST_KEY_CFBundleDisplayName = "Do not translate reddit";
				INFOPLIST_KEY_LSApplicationCategoryType = "public.app-category.utilities";
				INFOPLIST_KEY_UIApplicationSupportsIndirectInputEvents = YES;
				INFOPLIST_KEY_UILaunchStoryboardName = LaunchScreen;
				INFOPLIST_KEY_UIMainStoryboardFile = Main;
				INFOPLIST_KEY_UISupportedInterfaceOrientations = "UIInterfaceOrientationPortrait UIInterfaceOrientationLandscapeLeft UIInterfaceOrientationLandscapeRight";
				INFOPLIST_KEY_UISupportedInterfaceOrientations_iPad = "UIInterfaceOrientationPortrait UIInterfaceOrientationPortraitUpsideDown UIInterfaceOrientationLandscapeLeft UIInterfaceOrientationLandscapeRight";
				IPHONEOS_DEPLOYMENT_TARGET = 15.0;
				LD_RUNPATH_SEARCH_PATHS = (
					"$(inherited)",
					"@executable_path/Frameworks",
				);
				MARKETING_VERSION = 1.0.1;
				OTHER_LDFLAGS = (
					"-framework",
					SafariServices,
					"-framework",
					WebKit,
				);
				PRODUCT_BUNDLE_IDENTIFIER = "io.github.TaYaKi71751.Do-not-translate-reddit";
				PRODUCT_NAME = "Do not translate reddit";
				SDKROOT = iphoneos;
				SWIFT_EMIT_LOC_STRINGS = YES;
				SWIFT_VERSION = 5.0;
				TARGETED_DEVICE_FAMILY = "1,2";
				VALIDATE_PRODUCT = YES;
			};
			name = Release;
		};
		2FBCCECC2E0A6D6E00DF0431 /* Debug */ = {
			isa = XCBuildConfiguration;
			buildSettings = {
				CODE_SIGN_ENTITLEMENTS = "macOS (Extension)/Do not translate reddit.entitlements";
				CODE_SIGN_STYLE = Automatic;
				CURRENT_PROJECT_VERSION = 1;
				DEVELOPMENT_TEAM = 84ML4G2PN8;
				ENABLE_HARDENED_RUNTIME = YES;
				GENERATE_INFOPLIST_FILE = YES;
				INFOPLIST_FILE = "macOS (Extension)/Info.plist";
				INFOPLIST_KEY_CFBundleDisplayName = "Do not translate reddit Extension";
				INFOPLIST_KEY_NSHumanReadableCopyright = "";
				LD_RUNPATH_SEARCH_PATHS = (
					"$(inherited)",
					"@executable_path/../Frameworks",
					"@executable_path/../../../../Frameworks",
				);
				MACOSX_DEPLOYMENT_TARGET = 10.14;
				MARKETING_VERSION = 1.0.1;
				OTHER_LDFLAGS = (
					"-framework",
					SafariServices,
				);
				PRODUCT_BUNDLE_IDENTIFIER = "io.github.TaYaKi71751.Do-not-translate-reddit.Extension";
				PRODUCT_NAME = "Do not translate reddit Extension";
				SDKROOT = macosx;
				SKIP_INSTALL = YES;
				SWIFT_EMIT_LOC_STRINGS = YES;
				SWIFT_VERSION = 5.0;
			};
			name = Debug;
		};
		2FBCCECD2E0A6D6E00DF0431 /* Release */ = {
			isa = XCBuildConfiguration;
			buildSettings = {
				CODE_SIGN_ENTITLEMENTS = "macOS (Extension)/Do not translate reddit.entitlements";
				CODE_SIGN_STYLE = Automatic;
				CURRENT_PROJECT_VERSION = 1;
				DEVELOPMENT_TEAM = 84ML4G2PN8;
				ENABLE_HARDENED_RUNTIME = YES;
				GENERATE_INFOPLIST_FILE = YES;
				INFOPLIST_FILE = "macOS (Extension)/Info.plist";
				INFOPLIST_KEY_CFBundleDisplayName = "Do not translate reddit Extension";
				INFOPLIST_KEY_NSHumanReadableCopyright = "";
				LD_RUNPATH_SEARCH_PATHS = (
					"$(inherited)",
					"@executable_path/../Frameworks",
					"@executable_path/../../../../Frameworks",
				);
				MACOSX_DEPLOYMENT_TARGET = 10.14;
				MARKETING_VERSION = 1.0.1;
				OTHER_LDFLAGS = (
					"-framework",
					SafariServices,
				);
				PRODUCT_BUNDLE_IDENTIFIER = "io.github.TaYaKi71751.Do-not-translate-reddit.Extension";
				PRODUCT_NAME = "Do not translate reddit Extension";
				SDKROOT = macosx;
				SKIP_INSTALL = YES;
				SWIFT_EMIT_LOC_STRINGS = YES;
				SWIFT_VERSION = 5.0;
			};
			name = Release;
		};
		2FBCCED12E0A6D6E00DF0431 /* Debug */ = {
			isa = XCBuildConfiguration;
			buildSettings = {
				ASSETCATALOG_COMPILER_APPICON_NAME = AppIcon;
				ASSETCATALOG_COMPILER_GLOBAL_ACCENT_COLOR_NAME = AccentColor;
				CODE_SIGN_ENTITLEMENTS = "macOS (App)/Do not translate reddit.entitlements";
				CODE_SIGN_STYLE = Automatic;
				CURRENT_PROJECT_VERSION = 1;
				DEVELOPMENT_TEAM = 84ML4G2PN8;
				ENABLE_HARDENED_RUNTIME = YES;
				GENERATE_INFOPLIST_FILE = YES;
				INFOPLIST_KEY_CFBundleDisplayName = "Do not translate reddit";
				INFOPLIST_KEY_LSApplicationCategoryType = "public.app-category.utilities";
				INFOPLIST_KEY_NSMainStoryboardFile = Main;
				INFOPLIST_KEY_NSPrincipalClass = NSApplication;
				LD_RUNPATH_SEARCH_PATHS = (
					"$(inherited)",
					"@executable_path/../Frameworks",
				);
				MACOSX_DEPLOYMENT_TARGET = 10.14;
				MARKETING_VERSION = 1.0.1;
				OTHER_LDFLAGS = (
					"-framework",
					SafariServices,
					"-framework",
					WebKit,
				);
				PRODUCT_BUNDLE_IDENTIFIER = "io.github.TaYaKi71751.Do-not-translate-reddit";
				PRODUCT_NAME = "Do not translate reddit";
				REGISTER_APP_GROUPS = YES;
				SDKROOT = macosx;
				SWIFT_EMIT_LOC_STRINGS = YES;
				SWIFT_VERSION = 5.0;
			};
			name = Debug;
		};
		2FBCCED22E0A6D6E00DF0431 /* Release */ = {
			isa = XCBuildConfiguration;
			buildSettings = {
				ASSETCATALOG_COMPILER_APPICON_NAME = AppIcon;
				ASSETCATALOG_COMPILER_GLOBAL_ACCENT_COLOR_NAME = AccentColor;
				CODE_SIGN_ENTITLEMENTS = "macOS (App)/Do not translate reddit.entitlements";
				CODE_SIGN_STYLE = Automatic;
				CURRENT_PROJECT_VERSION = 1;
				DEVELOPMENT_TEAM = 84ML4G2PN8;
				ENABLE_HARDENED_RUNTIME = YES;
				GENERATE_INFOPLIST_FILE = YES;
				INFOPLIST_KEY_CFBundleDisplayName = "Do not translate reddit";
				INFOPLIST_KEY_LSApplicationCategoryType = "public.app-category.utilities";
				INFOPLIST_KEY_NSMainStoryboardFile = Main;
				INFOPLIST_KEY_NSPrincipalClass = NSApplication;
				LD_RUNPATH_SEARCH_PATHS = (
					"$(inherited)",
					"@executable_path/../Frameworks",
				);
				MACOSX_DEPLOYMENT_TARGET = 10.14;
				MARKETING_VERSION = 1.0.1;
				OTHER_LDFLAGS = (
					"-framework",
					SafariServices,
					"-framework",
					WebKit,
				);
				PRODUCT_BUNDLE_IDENTIFIER = "io.github.TaYaKi71751.Do-not-translate-reddit";
				PRODUCT_NAME = "Do not translate reddit";
				REGISTER_APP_GROUPS = YES;
				SDKROOT = macosx;
				SWIFT_EMIT_LOC_STRINGS = YES;
				SWIFT_VERSION = 5.0;
			};
			name = Release;
		};
		2FBCCED52E0A6D6E00DF0431 /* Debug */ = {
			isa = XCBuildConfiguration;
			buildSettings = {
				ALWAYS_SEARCH_USER_PATHS = NO;
				ASSETCATALOG_COMPILER_GENERATE_SWIFT_ASSET_SYMBOL_EXTENSIONS = YES;
				CLANG_ANALYZER_NONNULL = YES;
				CLANG_ANALYZER_NUMBER_OBJECT_CONVERSION = YES_AGGRESSIVE;
				CLANG_CXX_LANGUAGE_STANDARD = "gnu++20";
				CLANG_ENABLE_MODULES = YES;
				CLANG_ENABLE_OBJC_ARC = YES;
				CLANG_ENABLE_OBJC_WEAK = YES;
				CLANG_WARN_BLOCK_CAPTURE_AUTORELEASING = YES;
				CLANG_WARN_BOOL_CONVERSION = YES;
				CLANG_WARN_COMMA = YES;
				CLANG_WARN_CONSTANT_CONVERSION = YES;
				CLANG_WARN_DEPRECATED_OBJC_IMPLEMENTATIONS = YES;
				CLANG_WARN_DIRECT_OBJC_ISA_USAGE = YES_ERROR;
				CLANG_WARN_DOCUMENTATION_COMMENTS = YES;
				CLANG_WARN_EMPTY_BODY = YES;
				CLANG_WARN_ENUM_CONVERSION = YES;
				CLANG_WARN_INFINITE_RECURSION = YES;
				CLANG_WARN_INT_CONVERSION = YES;
				CLANG_WARN_NON_LITERAL_NULL_CONVERSION = YES;
				CLANG_WARN_OBJC_IMPLICIT_RETAIN_SELF = YES;
				CLANG_WARN_OBJC_LITERAL_CONVERSION = YES;
				CLANG_WARN_OBJC_ROOT_CLASS = YES_ERROR;
				CLANG_WARN_QUOTED_INCLUDE_IN_FRAMEWORK_HEADER = YES;
				CLANG_WARN_RANGE_LOOP_ANALYSIS = YES;
				CLANG_WARN_STRICT_PROTOTYPES = YES;
				CLANG_WARN_SUSPICIOUS_MOVE = YES;
				CLANG_WARN_UNGUARDED_AVAILABILITY = YES_AGGRESSIVE;
				CLANG_WARN_UNREACHABLE_CODE = YES;
				CLANG_WARN__DUPLICATE_METHOD_MATCH = YES;
				COPY_PHASE_STRIP = NO;
				DEBUG_INFORMATION_FORMAT = dwarf;
				ENABLE_STRICT_OBJC_MSGSEND = YES;
				ENABLE_TESTABILITY = YES;
				ENABLE_USER_SCRIPT_SANDBOXING = YES;
				GCC_C_LANGUAGE_STANDARD = gnu17;
				GCC_DYNAMIC_NO_PIC = NO;
				GCC_NO_COMMON_BLOCKS = YES;
				GCC_OPTIMIZATION_LEVEL = 0;
				GCC_PREPROCESSOR_DEFINITIONS = (
					"DEBUG=1",
					"$(inherited)",
				);
				GCC_WARN_64_TO_32_BIT_CONVERSION = YES;
				GCC_WARN_ABOUT_RETURN_TYPE = YES_ERROR;
				GCC_WARN_UNDECLARED_SELECTOR = YES;
				GCC_WARN_UNINITIALIZED_AUTOS = YES_AGGRESSIVE;
				GCC_WARN_UNUSED_FUNCTION = YES;
				GCC_WARN_UNUSED_VARIABLE = YES;
				LOCALIZATION_PREFERS_STRING_CATALOGS = YES;
				MTL_ENABLE_DEBUG_INFO = INCLUDE_SOURCE;
				MTL_FAST_MATH = YES;
				ONLY_ACTIVE_ARCH = YES;
				SWIFT_ACTIVE_COMPILATION_CONDITIONS = "DEBUG $(inherited)";
				SWIFT_OPTIMIZATION_LEVEL = "-Onone";
			};
			name = Debug;
		};
		2FBCCED62E0A6D6E00DF0431 /* Release */ = {
			isa = XCBuildConfiguration;
			buildSettings = {
				ALWAYS_SEARCH_USER_PATHS = NO;
				ASSETCATALOG_COMPILER_GENERATE_SWIFT_ASSET_SYMBOL_EXTENSIONS = YES;
				CLANG_ANALYZER_NONNULL = YES;
				CLANG_ANALYZER_NUMBER_OBJECT_CONVERSION = YES_AGGRESSIVE;
				CLANG_CXX_LANGUAGE_STANDARD = "gnu++20";
				CLANG_ENABLE_MODULES = YES;
				CLANG_ENABLE_OBJC_ARC = YES;
				CLANG_ENABLE_OBJC_WEAK = YES;
				CLANG_WARN_BLOCK_CAPTURE_AUTORELEASING = YES;
				CLANG_WARN_BOOL_CONVERSION = YES;
				CLANG_WARN_COMMA = YES;
				CLANG_WARN_CONSTANT_CONVERSION = YES;
				CLANG_WARN_DEPRECATED_OBJC_IMPLEMENTATIONS = YES;
				CLANG_WARN_DIRECT_OBJC_ISA_USAGE = YES_ERROR;
				CLANG_WARN_DOCUMENTATION_COMMENTS = YES;
				CLANG_WARN_EMPTY_BODY = YES;
				CLANG_WARN_ENUM_CONVERSION = YES;
				CLANG_WARN_INFINITE_RECURSION = YES;
				CLANG_WARN_INT_CONVERSION = YES;
				CLANG_WARN_NON_LITERAL_NULL_CONVERSION = YES;
				CLANG_WARN_OBJC_IMPLICIT_RETAIN_SELF = YES;
				CLANG_WARN_OBJC_LITERAL_CONVERSION = YES;
				CLANG_WARN_OBJC_ROOT_CLASS = YES_ERROR;
				CLANG_WARN_QUOTED_INCLUDE_IN_FRAMEWORK_HEADER = YES;
				CLANG_WARN_RANGE_LOOP_ANALYSIS = YES;
				CLANG_WARN_STRICT_PROTOTYPES = YES;
				CLANG_WARN_SUSPICIOUS_MOVE = YES;
				CLANG_WARN_UNGUARDED_AVAILABILITY = YES_AGGRESSIVE;
				CLANG_WARN_UNREACHABLE_CODE = YES;
				CLANG_WARN__DUPLICATE_METHOD_MATCH = YES;
				COPY_PHASE_STRIP = NO;
				DEBUG_INFORMATION_FORMAT = "dwarf-with-dsym";
				ENABLE_NS_ASSERTIONS = NO;
				ENABLE_STRICT_OBJC_MSGSEND = YES;
				ENABLE_USER_SCRIPT_SANDBOXING = YES;
				GCC_C_LANGUAGE_STANDARD = gnu17;
				GCC_NO_COMMON_BLOCKS = YES;
				GCC_WARN_64_TO_32_BIT_CONVERSION = YES;
				GCC_WARN_ABOUT_RETURN_TYPE = YES_ERROR;
				GCC_WARN_UNDECLARED_SELECTOR = YES;
				GCC_WARN_UNINITIALIZED_AUTOS = YES_AGGRESSIVE;
				GCC_WARN_UNUSED_FUNCTION = YES;
				GCC_WARN_UNUSED_VARIABLE = YES;
				LOCALIZATION_PREFERS_STRING_CATALOGS = YES;
				MTL_ENABLE_DEBUG_INFO = NO;
				MTL_FAST_MATH = YES;
				SWIFT_COMPILATION_MODE = wholemodule;
			};
			name = Release;
		};
/* End XCBuildConfiguration section */

/* Begin XCConfigurationList section */
		2FBCCE5A2E0A6D6C00DF0431 /* Build configuration list for PBXProject "Do not translate reddit" */ = {
			isa = XCConfigurationList;
			buildConfigurations = (
				2FBCCED52E0A6D6E00DF0431 /* Debug */,
				2FBCCED62E0A6D6E00DF0431 /* Release */,
			);
			defaultConfigurationIsVisible = 0;
			defaultConfigurationName = Release;
		};
		2FBCCEC12E0A6D6E00DF0431 /* Build configuration list for PBXNativeTarget "Do not translate reddit Extension (iOS)" */ = {
			isa = XCConfigurationList;
			buildConfigurations = (
				2FBCCEC22E0A6D6E00DF0431 /* Debug */,
				2FBCCEC32E0A6D6E00DF0431 /* Release */,
			);
			defaultConfigurationIsVisible = 0;
			defaultConfigurationName = Release;
		};
		2FBCCEC62E0A6D6E00DF0431 /* Build configuration list for PBXNativeTarget "Do not translate reddit (iOS)" */ = {
			isa = XCConfigurationList;
			buildConfigurations = (
				2FBCCEC72E0A6D6E00DF0431 /* Debug */,
				2FBCCEC82E0A6D6E00DF0431 /* Release */,
			);
			defaultConfigurationIsVisible = 0;
			defaultConfigurationName = Release;
		};
		2FBCCECB2E0A6D6E00DF0431 /* Build configuration list for PBXNativeTarget "Do not translate reddit Extension (macOS)" */ = {
			isa = XCConfigurationList;
			buildConfigurations = (
				2FBCCECC2E0A6D6E00DF0431 /* Debug */,
				2FBCCECD2E0A6D6E00DF0431 /* Release */,
			);
			defaultConfigurationIsVisible = 0;
			defaultConfigurationName = Release;
		};
		2FBCCED02E0A6D6E00DF0431 /* Build configuration list for PBXNativeTarget "Do not translate reddit (macOS)" */ = {
			isa = XCConfigurationList;
			buildConfigurations = (
				2FBCCED12E0A6D6E00DF0431 /* Debug */,
				2FBCCED22E0A6D6E00DF0431 /* Release */,
			);
			defaultConfigurationIsVisible = 0;
			defaultConfigurationName = Release;
		};
/* End XCConfigurationList section */
	};
	rootObject = 2FBCCE572E0A6D6C00DF0431 /* Project object */;
}
