// !$*UTF8*$!
{
	archiveVersion = 1;
	classes = {
	};
	objectVersion = 77;
	objects = {

/* Begin PBXBuildFile section */
		2F50F9B42E0B7D100002926F /* DoNotTranslateRedPost Extension.appex in Embed Foundation Extensions */ = {isa = PBXBuildFile; fileRef = 2F50F9B32E0B7D100002926F /* DoNotTranslateRedPost Extension.appex */; settings = {ATTRIBUTES = (RemoveHeadersOnCopy, ); }; };
		2F50F9BE2E0B7D100002926F /* DoNotTranslateRedPost Extension.appex in Embed Foundation Extensions */ = {isa = PBXBuildFile; fileRef = 2F50F9BD2E0B7D100002926F /* DoNotTranslateRedPost Extension.appex */; settings = {ATTRIBUTES = (RemoveHeadersOnCopy, ); }; };
/* End PBXBuildFile section */

/* Begin PBXContainerItemProxy section */
		2F50F9B52E0B7D100002926F /* PBXContainerItemProxy */ = {
			isa = PBXContainerItemProxy;
			containerPortal = 2F50F9792E0B7D0B0002926F /* Project object */;
			proxyType = 1;
			remoteGlobalIDString = 2F50F9B22E0B7D100002926F;
			remoteInfo = "DoNotTranslateRedPost Extension (iOS)";
		};
		2F50F9BF2E0B7D100002926F /* PBXContainerItemProxy */ = {
			isa = PBXContainerItemProxy;
			containerPortal = 2F50F9792E0B7D0B0002926F /* Project object */;
			proxyType = 1;
			remoteGlobalIDString = 2F50F9BC2E0B7D100002926F;
			remoteInfo = "DoNotTranslateRedPost Extension (macOS)";
		};
/* End PBXContainerItemProxy section */

/* Begin PBXCopyFilesBuildPhase section */
		2F50F9E72E0B7D100002926F /* Embed Foundation Extensions */ = {
			isa = PBXCopyFilesBuildPhase;
			buildActionMask = 2147483647;
			dstPath = "";
			dstSubfolderSpec = 13;
			files = (
				2F50F9B42E0B7D100002926F /* DoNotTranslateRedPost Extension.appex in Embed Foundation Extensions */,
			);
			name = "Embed Foundation Extensions";
			runOnlyForDeploymentPostprocessing = 0;
		};
		2F50F9F12E0B7D100002926F /* Embed Foundation Extensions */ = {
			isa = PBXCopyFilesBuildPhase;
			buildActionMask = 2147483647;
			dstPath = "";
			dstSubfolderSpec = 13;
			files = (
				2F50F9BE2E0B7D100002926F /* DoNotTranslateRedPost Extension.appex in Embed Foundation Extensions */,
			);
			name = "Embed Foundation Extensions";
			runOnlyForDeploymentPostprocessing = 0;
		};
/* End PBXCopyFilesBuildPhase section */

/* Begin PBXFileReference section */
		2F50F9952E0B7D100002926F /* DoNotTranslateRedPost.app */ = {isa = PBXFileReference; explicitFileType = wrapper.application; includeInIndex = 0; path = DoNotTranslateRedPost.app; sourceTree = BUILT_PRODUCTS_DIR; };
		2F50F9A72E0B7D100002926F /* DoNotTranslateRedPost.app */ = {isa = PBXFileReference; explicitFileType = wrapper.application; includeInIndex = 0; path = DoNotTranslateRedPost.app; sourceTree = BUILT_PRODUCTS_DIR; };
		2F50F9B32E0B7D100002926F /* DoNotTranslateRedPost Extension.appex */ = {isa = PBXFileReference; explicitFileType = "wrapper.app-extension"; includeInIndex = 0; path = "DoNotTranslateRedPost Extension.appex"; sourceTree = BUILT_PRODUCTS_DIR; };
		2F50F9BD2E0B7D100002926F /* DoNotTranslateRedPost Extension.appex */ = {isa = PBXFileReference; explicitFileType = "wrapper.app-extension"; includeInIndex = 0; path = "DoNotTranslateRedPost Extension.appex"; sourceTree = BUILT_PRODUCTS_DIR; };
/* End PBXFileReference section */

/* Begin PBXFileSystemSynchronizedBuildFileExceptionSet section */
		2F50F9E22E0B7D100002926F /* Exceptions for "Shared (App)" folder in "DoNotTranslateRedPost (iOS)" target */ = {
			isa = PBXFileSystemSynchronizedBuildFileExceptionSet;
			membershipExceptions = (
				"/Localized: Resources/Main.html",
				Assets.xcassets,
				Resources/Icon.png,
				Resources/Script.js,
				Resources/Style.css,
				ViewController.swift,
			);
			target = 2F50F9942E0B7D100002926F /* DoNotTranslateRedPost (iOS) */;
		};
		2F50F9E62E0B7D100002926F /* Exceptions for "iOS (Extension)" folder in "DoNotTranslateRedPost Extension (iOS)" target */ = {
			isa = PBXFileSystemSynchronizedBuildFileExceptionSet;
			membershipExceptions = (
				Info.plist,
			);
			target = 2F50F9B22E0B7D100002926F /* DoNotTranslateRedPost Extension (iOS) */;
		};
		2F50F9EB2E0B7D100002926F /* Exceptions for "iOS (App)" folder in "DoNotTranslateRedPost (iOS)" target */ = {
			isa = PBXFileSystemSynchronizedBuildFileExceptionSet;
			membershipExceptions = (
				Info.plist,
			);
			target = 2F50F9942E0B7D100002926F /* DoNotTranslateRedPost (iOS) */;
		};
		2F50F9EC2E0B7D100002926F /* Exceptions for "Shared (App)" folder in "DoNotTranslateRedPost (macOS)" target */ = {
			isa = PBXFileSystemSynchronizedBuildFileExceptionSet;
			membershipExceptions = (
				"/Localized: Resources/Main.html",
				Assets.xcassets,
				Resources/Icon.png,
				Resources/Script.js,
				Resources/Style.css,
				ViewController.swift,
			);
			target = 2F50F9A62E0B7D100002926F /* DoNotTranslateRedPost (macOS) */;
		};
		2F50F9F02E0B7D100002926F /* Exceptions for "macOS (Extension)" folder in "DoNotTranslateRedPost Extension (macOS)" target */ = {
			isa = PBXFileSystemSynchronizedBuildFileExceptionSet;
			membershipExceptions = (
				Info.plist,
			);
			target = 2F50F9BC2E0B7D100002926F /* DoNotTranslateRedPost Extension (macOS) */;
		};
		2F50F9F52E0B7D100002926F /* Exceptions for "Shared (Extension)" folder in "DoNotTranslateRedPost Extension (iOS)" target */ = {
			isa = PBXFileSystemSynchronizedBuildFileExceptionSet;
			membershipExceptions = (
				Resources/_locales,
				Resources/background.js,
				Resources/content.js,
				Resources/images,
				Resources/manifest.json,
				Resources/popup.css,
				Resources/popup.html,
				Resources/popup.js,
				SafariWebExtensionHandler.swift,
			);
			target = 2F50F9B22E0B7D100002926F /* DoNotTranslateRedPost Extension (iOS) */;
		};
		2F50F9F62E0B7D100002926F /* Exceptions for "Shared (Extension)" folder in "DoNotTranslateRedPost Extension (macOS)" target */ = {
			isa = PBXFileSystemSynchronizedBuildFileExceptionSet;
			membershipExceptions = (
				Resources/_locales,
				Resources/background.js,
				Resources/content.js,
				Resources/images,
				Resources/manifest.json,
				Resources/popup.css,
				Resources/popup.html,
				Resources/popup.js,
				SafariWebExtensionHandler.swift,
			);
			target = 2F50F9BC2E0B7D100002926F /* DoNotTranslateRedPost Extension (macOS) */;
		};
/* End PBXFileSystemSynchronizedBuildFileExceptionSet section */

/* Begin PBXFileSystemSynchronizedRootGroup section */
		2F50F97D2E0B7D0B0002926F /* Shared (App) */ = {
			isa = PBXFileSystemSynchronizedRootGroup;
			exceptions = (
				2F50F9E22E0B7D100002926F /* Exceptions for "Shared (App)" folder in "DoNotTranslateRedPost (iOS)" target */,
				2F50F9EC2E0B7D100002926F /* Exceptions for "Shared (App)" folder in "DoNotTranslateRedPost (macOS)" target */,
			);
			path = "Shared (App)";
			sourceTree = "<group>";
		};
		2F50F9862E0B7D0F0002926F /* Shared (Extension) */ = {
			isa = PBXFileSystemSynchronizedRootGroup;
			exceptions = (
				2F50F9F52E0B7D100002926F /* Exceptions for "Shared (Extension)" folder in "DoNotTranslateRedPost Extension (iOS)" target */,
				2F50F9F62E0B7D100002926F /* Exceptions for "Shared (Extension)" folder in "DoNotTranslateRedPost Extension (macOS)" target */,
			);
			explicitFolders = (
				Resources/_locales,
				Resources/images,
			);
			path = "Shared (Extension)";
			sourceTree = "<group>";
		};
		2F50F9972E0B7D100002926F /* iOS (App) */ = {
			isa = PBXFileSystemSynchronizedRootGroup;
			exceptions = (
				2F50F9EB2E0B7D100002926F /* Exceptions for "iOS (App)" folder in "DoNotTranslateRedPost (iOS)" target */,
			);
			path = "iOS (App)";
			sourceTree = "<group>";
		};
		2F50F9A82E0B7D100002926F /* macOS (App) */ = {
			isa = PBXFileSystemSynchronizedRootGroup;
			path = "macOS (App)";
			sourceTree = "<group>";
		};
		2F50F9B72E0B7D100002926F /* iOS (Extension) */ = {
			isa = PBXFileSystemSynchronizedRootGroup;
			exceptions = (
				2F50F9E62E0B7D100002926F /* Exceptions for "iOS (Extension)" folder in "DoNotTranslateRedPost Extension (iOS)" target */,
			);
			path = "iOS (Extension)";
			sourceTree = "<group>";
		};
		2F50F9C12E0B7D100002926F /* macOS (Extension) */ = {
			isa = PBXFileSystemSynchronizedRootGroup;
			exceptions = (
				2F50F9F02E0B7D100002926F /* Exceptions for "macOS (Extension)" folder in "DoNotTranslateRedPost Extension (macOS)" target */,
			);
			path = "macOS (Extension)";
			sourceTree = "<group>";
		};
/* End PBXFileSystemSynchronizedRootGroup section */

/* Begin PBXFrameworksBuildPhase section */
		2F50F9922E0B7D100002926F /* Frameworks */ = {
			isa = PBXFrameworksBuildPhase;
			buildActionMask = 2147483647;
			files = (
			);
			runOnlyForDeploymentPostprocessing = 0;
		};
		2F50F9A42E0B7D100002926F /* Frameworks */ = {
			isa = PBXFrameworksBuildPhase;
			buildActionMask = 2147483647;
			files = (
			);
			runOnlyForDeploymentPostprocessing = 0;
		};
		2F50F9B02E0B7D100002926F /* Frameworks */ = {
			isa = PBXFrameworksBuildPhase;
			buildActionMask = 2147483647;
			files = (
			);
			runOnlyForDeploymentPostprocessing = 0;
		};
		2F50F9BA2E0B7D100002926F /* Frameworks */ = {
			isa = PBXFrameworksBuildPhase;
			buildActionMask = 2147483647;
			files = (
			);
			runOnlyForDeploymentPostprocessing = 0;
		};
/* End PBXFrameworksBuildPhase section */

/* Begin PBXGroup section */
		2F50F9782E0B7D0B0002926F = {
			isa = PBXGroup;
			children = (
				2F50F97D2E0B7D0B0002926F /* Shared (App) */,
				2F50F9862E0B7D0F0002926F /* Shared (Extension) */,
				2F50F9972E0B7D100002926F /* iOS (App) */,
				2F50F9A82E0B7D100002926F /* macOS (App) */,
				2F50F9B72E0B7D100002926F /* iOS (Extension) */,
				2F50F9C12E0B7D100002926F /* macOS (Extension) */,
				2F50F9962E0B7D100002926F /* Products */,
			);
			sourceTree = "<group>";
		};
		2F50F9962E0B7D100002926F /* Products */ = {
			isa = PBXGroup;
			children = (
				2F50F9952E0B7D100002926F /* DoNotTranslateRedPost.app */,
				2F50F9A72E0B7D100002926F /* DoNotTranslateRedPost.app */,
				2F50F9B32E0B7D100002926F /* DoNotTranslateRedPost Extension.appex */,
				2F50F9BD2E0B7D100002926F /* DoNotTranslateRedPost Extension.appex */,
			);
			name = Products;
			sourceTree = "<group>";
		};
/* End PBXGroup section */

/* Begin PBXNativeTarget section */
		2F50F9942E0B7D100002926F /* DoNotTranslateRedPost (iOS) */ = {
			isa = PBXNativeTarget;
			buildConfigurationList = 2F50F9E82E0B7D100002926F /* Build configuration list for PBXNativeTarget "DoNotTranslateRedPost (iOS)" */;
			buildPhases = (
				2F50F9912E0B7D100002926F /* Sources */,
				2F50F9922E0B7D100002926F /* Frameworks */,
				2F50F9932E0B7D100002926F /* Resources */,
				2F50F9E72E0B7D100002926F /* Embed Foundation Extensions */,
			);
			buildRules = (
			);
			dependencies = (
				2F50F9B62E0B7D100002926F /* PBXTargetDependency */,
			);
			fileSystemSynchronizedGroups = (
				2F50F9972E0B7D100002926F /* iOS (App) */,
			);
			name = "DoNotTranslateRedPost (iOS)";
			packageProductDependencies = (
			);
			productName = "DoNotTranslateRedPost (iOS)";
			productReference = 2F50F9952E0B7D100002926F /* DoNotTranslateRedPost.app */;
			productType = "com.apple.product-type.application";
		};
		2F50F9A62E0B7D100002926F /* DoNotTranslateRedPost (macOS) */ = {
			isa = PBXNativeTarget;
			buildConfigurationList = 2F50F9F22E0B7D100002926F /* Build configuration list for PBXNativeTarget "DoNotTranslateRedPost (macOS)" */;
			buildPhases = (
				2F50F9A32E0B7D100002926F /* Sources */,
				2F50F9A42E0B7D100002926F /* Frameworks */,
				2F50F9A52E0B7D100002926F /* Resources */,
				2F50F9F12E0B7D100002926F /* Embed Foundation Extensions */,
			);
			buildRules = (
			);
			dependencies = (
				2F50F9C02E0B7D100002926F /* PBXTargetDependency */,
			);
			fileSystemSynchronizedGroups = (
				2F50F9A82E0B7D100002926F /* macOS (App) */,
			);
			name = "DoNotTranslateRedPost (macOS)";
			packageProductDependencies = (
			);
			productName = "DoNotTranslateRedPost (macOS)";
			productReference = 2F50F9A72E0B7D100002926F /* DoNotTranslateRedPost.app */;
			productType = "com.apple.product-type.application";
		};
		2F50F9B22E0B7D100002926F /* DoNotTranslateRedPost Extension (iOS) */ = {
			isa = PBXNativeTarget;
			buildConfigurationList = 2F50F9E32E0B7D100002926F /* Build configuration list for PBXNativeTarget "DoNotTranslateRedPost Extension (iOS)" */;
			buildPhases = (
				2F50F9AF2E0B7D100002926F /* Sources */,
				2F50F9B02E0B7D100002926F /* Frameworks */,
				2F50F9B12E0B7D100002926F /* Resources */,
			);
			buildRules = (
			);
			dependencies = (
			);
			fileSystemSynchronizedGroups = (
				2F50F9B72E0B7D100002926F /* iOS (Extension) */,
			);
			name = "DoNotTranslateRedPost Extension (iOS)";
			packageProductDependencies = (
			);
			productName = "DoNotTranslateRedPost Extension (iOS)";
			productReference = 2F50F9B32E0B7D100002926F /* DoNotTranslateRedPost Extension.appex */;
			productType = "com.apple.product-type.app-extension";
		};
		2F50F9BC2E0B7D100002926F /* DoNotTranslateRedPost Extension (macOS) */ = {
			isa = PBXNativeTarget;
			buildConfigurationList = 2F50F9ED2E0B7D100002926F /* Build configuration list for PBXNativeTarget "DoNotTranslateRedPost Extension (macOS)" */;
			buildPhases = (
				2F50F9B92E0B7D100002926F /* Sources */,
				2F50F9BA2E0B7D100002926F /* Frameworks */,
				2F50F9BB2E0B7D100002926F /* Resources */,
			);
			buildRules = (
			);
			dependencies = (
			);
			fileSystemSynchronizedGroups = (
				2F50F9C12E0B7D100002926F /* macOS (Extension) */,
			);
			name = "DoNotTranslateRedPost Extension (macOS)";
			packageProductDependencies = (
			);
			productName = "DoNotTranslateRedPost Extension (macOS)";
			productReference = 2F50F9BD2E0B7D100002926F /* DoNotTranslateRedPost Extension.appex */;
			productType = "com.apple.product-type.app-extension";
		};
/* End PBXNativeTarget section */

/* Begin PBXProject section */
		2F50F9792E0B7D0B0002926F /* Project object */ = {
			isa = PBXProject;
			attributes = {
				BuildIndependentTargetsInParallel = 1;
				LastSwiftUpdateCheck = 1640;
				LastUpgradeCheck = 1640;
				TargetAttributes = {
					2F50F9942E0B7D100002926F = {
						CreatedOnToolsVersion = 16.4;
					};
					2F50F9A62E0B7D100002926F = {
						CreatedOnToolsVersion = 16.4;
					};
					2F50F9B22E0B7D100002926F = {
						CreatedOnToolsVersion = 16.4;
					};
					2F50F9BC2E0B7D100002926F = {
						CreatedOnToolsVersion = 16.4;
					};
				};
			};
			buildConfigurationList = 2F50F97C2E0B7D0B0002926F /* Build configuration list for PBXProject "DoNotTranslateRedPost" */;
			developmentRegion = en;
			hasScannedForEncodings = 0;
			knownRegions = (
				en,
				Base,
			);
			mainGroup = 2F50F9782E0B7D0B0002926F;
			minimizedProjectReferenceProxies = 1;
			preferredProjectObjectVersion = 77;
			productRefGroup = 2F50F9962E0B7D100002926F /* Products */;
			projectDirPath = "";
			projectRoot = "";
			targets = (
				2F50F9942E0B7D100002926F /* DoNotTranslateRedPost (iOS) */,
				2F50F9A62E0B7D100002926F /* DoNotTranslateRedPost (macOS) */,
				2F50F9B22E0B7D100002926F /* DoNotTranslateRedPost Extension (iOS) */,
				2F50F9BC2E0B7D100002926F /* DoNotTranslateRedPost Extension (macOS) */,
			);
		};
/* End PBXProject section */

/* Begin PBXResourcesBuildPhase section */
		2F50F9932E0B7D100002926F /* Resources */ = {
			isa = PBXResourcesBuildPhase;
			buildActionMask = 2147483647;
			files = (
			);
			runOnlyForDeploymentPostprocessing = 0;
		};
		2F50F9A52E0B7D100002926F /* Resources */ = {
			isa = PBXResourcesBuildPhase;
			buildActionMask = 2147483647;
			files = (
			);
			runOnlyForDeploymentPostprocessing = 0;
		};
		2F50F9B12E0B7D100002926F /* Resources */ = {
			isa = PBXResourcesBuildPhase;
			buildActionMask = 2147483647;
			files = (
			);
			runOnlyForDeploymentPostprocessing = 0;
		};
		2F50F9BB2E0B7D100002926F /* Resources */ = {
			isa = PBXResourcesBuildPhase;
			buildActionMask = 2147483647;
			files = (
			);
			runOnlyForDeploymentPostprocessing = 0;
		};
/* End PBXResourcesBuildPhase section */

/* Begin PBXSourcesBuildPhase section */
		2F50F9912E0B7D100002926F /* Sources */ = {
			isa = PBXSourcesBuildPhase;
			buildActionMask = 2147483647;
			files = (
			);
			runOnlyForDeploymentPostprocessing = 0;
		};
		2F50F9A32E0B7D100002926F /* Sources */ = {
			isa = PBXSourcesBuildPhase;
			buildActionMask = 2147483647;
			files = (
			);
			runOnlyForDeploymentPostprocessing = 0;
		};
		2F50F9AF2E0B7D100002926F /* Sources */ = {
			isa = PBXSourcesBuildPhase;
			buildActionMask = 2147483647;
			files = (
			);
			runOnlyForDeploymentPostprocessing = 0;
		};
		2F50F9B92E0B7D100002926F /* Sources */ = {
			isa = PBXSourcesBuildPhase;
			buildActionMask = 2147483647;
			files = (
			);
			runOnlyForDeploymentPostprocessing = 0;
		};
/* End PBXSourcesBuildPhase section */

/* Begin PBXTargetDependency section */
		2F50F9B62E0B7D100002926F /* PBXTargetDependency */ = {
			isa = PBXTargetDependency;
			target = 2F50F9B22E0B7D100002926F /* DoNotTranslateRedPost Extension (iOS) */;
			targetProxy = 2F50F9B52E0B7D100002926F /* PBXContainerItemProxy */;
		};
		2F50F9C02E0B7D100002926F /* PBXTargetDependency */ = {
			isa = PBXTargetDependency;
			target = 2F50F9BC2E0B7D100002926F /* DoNotTranslateRedPost Extension (macOS) */;
			targetProxy = 2F50F9BF2E0B7D100002926F /* PBXContainerItemProxy */;
		};
/* End PBXTargetDependency section */

/* Begin XCBuildConfiguration section */
		2F50F9E42E0B7D100002926F /* Debug */ = {
			isa = XCBuildConfiguration;
			buildSettings = {
				CODE_SIGN_STYLE = Automatic;
				CURRENT_PROJECT_VERSION = 2;
				DEVELOPMENT_TEAM = 84ML4G2PN8;
				GENERATE_INFOPLIST_FILE = YES;
				INFOPLIST_FILE = "iOS (Extension)/Info.plist";
				INFOPLIST_KEY_CFBundleDisplayName = "DoNotTranslateRedPost Extension";
				INFOPLIST_KEY_NSHumanReadableCopyright = "";
				IPHONEOS_DEPLOYMENT_TARGET = 15.0;
				LD_RUNPATH_SEARCH_PATHS = (
					"$(inherited)",
					"@executable_path/Frameworks",
					"@executable_path/../../Frameworks",
				);
				MARKETING_VERSION = 1.0.3;
				OTHER_LDFLAGS = (
					"-framework",
					SafariServices,
				);
				PRODUCT_BUNDLE_IDENTIFIER = io.github.TaYaKi71751.DoNotTranslateRedPost.Extension;
				PRODUCT_NAME = "DoNotTranslateRedPost Extension";
				SDKROOT = iphoneos;
				SKIP_INSTALL = YES;
				SWIFT_EMIT_LOC_STRINGS = YES;
				SWIFT_VERSION = 5.0;
				TARGETED_DEVICE_FAMILY = "1,2";
			};
			name = Debug;
		};
		2F50F9E52E0B7D100002926F /* Release */ = {
			isa = XCBuildConfiguration;
			buildSettings = {
				CODE_SIGN_STYLE = Automatic;
				CURRENT_PROJECT_VERSION = 2;
				DEVELOPMENT_TEAM = 84ML4G2PN8;
				GENERATE_INFOPLIST_FILE = YES;
				INFOPLIST_FILE = "iOS (Extension)/Info.plist";
				INFOPLIST_KEY_CFBundleDisplayName = "DoNotTranslateRedPost Extension";
				INFOPLIST_KEY_NSHumanReadableCopyright = "";
				IPHONEOS_DEPLOYMENT_TARGET = 15.0;
				LD_RUNPATH_SEARCH_PATHS = (
					"$(inherited)",
					"@executable_path/Frameworks",
					"@executable_path/../../Frameworks",
				);
				MARKETING_VERSION = 1.0.3;
				OTHER_LDFLAGS = (
					"-framework",
					SafariServices,
				);
				PRODUCT_BUNDLE_IDENTIFIER = io.github.TaYaKi71751.DoNotTranslateRedPost.Extension;
				PRODUCT_NAME = "DoNotTranslateRedPost Extension";
				SDKROOT = iphoneos;
				SKIP_INSTALL = YES;
				SWIFT_EMIT_LOC_STRINGS = YES;
				SWIFT_VERSION = 5.0;
				TARGETED_DEVICE_FAMILY = "1,2";
				VALIDATE_PRODUCT = YES;
			};
			name = Release;
		};
		2F50F9E92E0B7D100002926F /* Debug */ = {
			isa = XCBuildConfiguration;
			buildSettings = {
				ASSETCATALOG_COMPILER_APPICON_NAME = AppIcon;
				ASSETCATALOG_COMPILER_GLOBAL_ACCENT_COLOR_NAME = AccentColor;
				CODE_SIGN_STYLE = Automatic;
				CURRENT_PROJECT_VERSION = 2;
				DEVELOPMENT_TEAM = 84ML4G2PN8;
				GENERATE_INFOPLIST_FILE = YES;
				INFOPLIST_FILE = "iOS (App)/Info.plist";
				INFOPLIST_KEY_CFBundleDisplayName = DoNotTranslateRedPost;
				INFOPLIST_KEY_LSApplicationCategoryType = "public.app-category.utilities";
				INFOPLIST_KEY_UIApplicationSupportsIndirectInputEvents = YES;
				INFOPLIST_KEY_UILaunchStoryboardName = LaunchScreen;
				INFOPLIST_KEY_UIMainStoryboardFile = Main;
				INFOPLIST_KEY_UISupportedInterfaceOrientations = "UIInterfaceOrientationPortrait UIInterfaceOrientationLandscapeLeft UIInterfaceOrientationLandscapeRight";
				INFOPLIST_KEY_UISupportedInterfaceOrientations_iPad = "UIInterfaceOrientationPortrait UIInterfaceOrientationPortraitUpsideDown UIInterfaceOrientationLandscapeLeft UIInterfaceOrientationLandscapeRight";
				IPHONEOS_DEPLOYMENT_TARGET = 15.0;
				LD_RUNPATH_SEARCH_PATHS = (
					"$(inherited)",
					"@executable_path/Frameworks",
				);
				MARKETING_VERSION = 1.0.3;
				OTHER_LDFLAGS = (
					"-framework",
					SafariServices,
					"-framework",
					WebKit,
				);
				PRODUCT_BUNDLE_IDENTIFIER = io.github.TaYaKi71751.DoNotTranslateRedPost;
				PRODUCT_NAME = DoNotTranslateRedPost;
				SDKROOT = iphoneos;
				SWIFT_EMIT_LOC_STRINGS = YES;
				SWIFT_VERSION = 5.0;
				TARGETED_DEVICE_FAMILY = "1,2";
			};
			name = Debug;
		};
		2F50F9EA2E0B7D100002926F /* Release */ = {
			isa = XCBuildConfiguration;
			buildSettings = {
				ASSETCATALOG_COMPILER_APPICON_NAME = AppIcon;
				ASSETCATALOG_COMPILER_GLOBAL_ACCENT_COLOR_NAME = AccentColor;
				CODE_SIGN_STYLE = Automatic;
				CURRENT_PROJECT_VERSION = 2;
				DEVELOPMENT_TEAM = 84ML4G2PN8;
				GENERATE_INFOPLIST_FILE = YES;
				INFOPLIST_FILE = "iOS (App)/Info.plist";
				INFOPLIST_KEY_CFBundleDisplayName = DoNotTranslateRedPost;
				INFOPLIST_KEY_LSApplicationCategoryType = "public.app-category.utilities";
				INFOPLIST_KEY_UIApplicationSupportsIndirectInputEvents = YES;
				INFOPLIST_KEY_UILaunchStoryboardName = LaunchScreen;
				INFOPLIST_KEY_UIMainStoryboardFile = Main;
				INFOPLIST_KEY_UISupportedInterfaceOrientations = "UIInterfaceOrientationPortrait UIInterfaceOrientationLandscapeLeft UIInterfaceOrientationLandscapeRight";
				INFOPLIST_KEY_UISupportedInterfaceOrientations_iPad = "UIInterfaceOrientationPortrait UIInterfaceOrientationPortraitUpsideDown UIInterfaceOrientationLandscapeLeft UIInterfaceOrientationLandscapeRight";
				IPHONEOS_DEPLOYMENT_TARGET = 15.0;
				LD_RUNPATH_SEARCH_PATHS = (
					"$(inherited)",
					"@executable_path/Frameworks",
				);
				MARKETING_VERSION = 1.0.3;
				OTHER_LDFLAGS = (
					"-framework",
					SafariServices,
					"-framework",
					WebKit,
				);
				PRODUCT_BUNDLE_IDENTIFIER = io.github.TaYaKi71751.DoNotTranslateRedPost;
				PRODUCT_NAME = DoNotTranslateRedPost;
				SDKROOT = iphoneos;
				SWIFT_EMIT_LOC_STRINGS = YES;
				SWIFT_VERSION = 5.0;
				TARGETED_DEVICE_FAMILY = "1,2";
				VALIDATE_PRODUCT = YES;
			};
			name = Release;
		};
		2F50F9EE2E0B7D100002926F /* Debug */ = {
			isa = XCBuildConfiguration;
			buildSettings = {
				CODE_SIGN_ENTITLEMENTS = "macOS (Extension)/DoNotTranslateRedPost.entitlements";
				CODE_SIGN_STYLE = Automatic;
				CURRENT_PROJECT_VERSION = 2;
				DEVELOPMENT_TEAM = 84ML4G2PN8;
				ENABLE_HARDENED_RUNTIME = YES;
				GENERATE_INFOPLIST_FILE = YES;
				INFOPLIST_FILE = "macOS (Extension)/Info.plist";
				INFOPLIST_KEY_CFBundleDisplayName = "DoNotTranslateRedPost Extension";
				INFOPLIST_KEY_NSHumanReadableCopyright = "";
				LD_RUNPATH_SEARCH_PATHS = (
					"$(inherited)",
					"@executable_path/../Frameworks",
					"@executable_path/../../../../Frameworks",
				);
				MACOSX_DEPLOYMENT_TARGET = 10.14;
				MARKETING_VERSION = 1.0.3;
				OTHER_LDFLAGS = (
					"-framework",
					SafariServices,
				);
				PRODUCT_BUNDLE_IDENTIFIER = io.github.TaYaKi71751.DoNotTranslateRedPost.Extension;
				PRODUCT_NAME = "DoNotTranslateRedPost Extension";
				SDKROOT = macosx;
				SKIP_INSTALL = YES;
				SWIFT_EMIT_LOC_STRINGS = YES;
				SWIFT_VERSION = 5.0;
			};
			name = Debug;
		};
		2F50F9EF2E0B7D100002926F /* Release */ = {
			isa = XCBuildConfiguration;
			buildSettings = {
				CODE_SIGN_ENTITLEMENTS = "macOS (Extension)/DoNotTranslateRedPost.entitlements";
				CODE_SIGN_STYLE = Automatic;
				CURRENT_PROJECT_VERSION = 2;
				DEVELOPMENT_TEAM = 84ML4G2PN8;
				ENABLE_HARDENED_RUNTIME = YES;
				GENERATE_INFOPLIST_FILE = YES;
				INFOPLIST_FILE = "macOS (Extension)/Info.plist";
				INFOPLIST_KEY_CFBundleDisplayName = "DoNotTranslateRedPost Extension";
				INFOPLIST_KEY_NSHumanReadableCopyright = "";
				LD_RUNPATH_SEARCH_PATHS = (
					"$(inherited)",
					"@executable_path/../Frameworks",
					"@executable_path/../../../../Frameworks",
				);
				MACOSX_DEPLOYMENT_TARGET = 10.14;
				MARKETING_VERSION = 1.0.3;
				OTHER_LDFLAGS = (
					"-framework",
					SafariServices,
				);
				PRODUCT_BUNDLE_IDENTIFIER = io.github.TaYaKi71751.DoNotTranslateRedPost.Extension;
				PRODUCT_NAME = "DoNotTranslateRedPost Extension";
				SDKROOT = macosx;
				SKIP_INSTALL = YES;
				SWIFT_EMIT_LOC_STRINGS = YES;
				SWIFT_VERSION = 5.0;
			};
			name = Release;
		};
		2F50F9F32E0B7D100002926F /* Debug */ = {
			isa = XCBuildConfiguration;
			buildSettings = {
				ASSETCATALOG_COMPILER_APPICON_NAME = AppIcon;
				ASSETCATALOG_COMPILER_GLOBAL_ACCENT_COLOR_NAME = AccentColor;
				CODE_SIGN_ENTITLEMENTS = "macOS (App)/DoNotTranslateRedPost.entitlements";
				CODE_SIGN_STYLE = Automatic;
				CURRENT_PROJECT_VERSION = 2;
				DEVELOPMENT_TEAM = 84ML4G2PN8;
				ENABLE_HARDENED_RUNTIME = YES;
				GENERATE_INFOPLIST_FILE = YES;
				INFOPLIST_KEY_CFBundleDisplayName = DoNotTranslateRedPost;
				INFOPLIST_KEY_LSApplicationCategoryType = "public.app-category.utilities";
				INFOPLIST_KEY_NSMainStoryboardFile = Main;
				INFOPLIST_KEY_NSPrincipalClass = NSApplication;
				LD_RUNPATH_SEARCH_PATHS = (
					"$(inherited)",
					"@executable_path/../Frameworks",
				);
				MACOSX_DEPLOYMENT_TARGET = 10.14;
				MARKETING_VERSION = 1.0.3;
				OTHER_LDFLAGS = (
					"-framework",
					SafariServices,
					"-framework",
					WebKit,
				);
				PRODUCT_BUNDLE_IDENTIFIER = io.github.TaYaKi71751.DoNotTranslateRedPost;
				PRODUCT_NAME = DoNotTranslateRedPost;
				REGISTER_APP_GROUPS = YES;
				SDKROOT = macosx;
				SWIFT_EMIT_LOC_STRINGS = YES;
				SWIFT_VERSION = 5.0;
			};
			name = Debug;
		};
		2F50F9F42E0B7D100002926F /* Release */ = {
			isa = XCBuildConfiguration;
			buildSettings = {
				ASSETCATALOG_COMPILER_APPICON_NAME = AppIcon;
				ASSETCATALOG_COMPILER_GLOBAL_ACCENT_COLOR_NAME = AccentColor;
				CODE_SIGN_ENTITLEMENTS = "macOS (App)/DoNotTranslateRedPost.entitlements";
				CODE_SIGN_STYLE = Automatic;
				CURRENT_PROJECT_VERSION = 2;
				DEVELOPMENT_TEAM = 84ML4G2PN8;
				ENABLE_HARDENED_RUNTIME = YES;
				GENERATE_INFOPLIST_FILE = YES;
				INFOPLIST_KEY_CFBundleDisplayName = DoNotTranslateRedPost;
				INFOPLIST_KEY_LSApplicationCategoryType = "public.app-category.utilities";
				INFOPLIST_KEY_NSMainStoryboardFile = Main;
				INFOPLIST_KEY_NSPrincipalClass = NSApplication;
				LD_RUNPATH_SEARCH_PATHS = (
					"$(inherited)",
					"@executable_path/../Frameworks",
				);
				MACOSX_DEPLOYMENT_TARGET = 10.14;
				MARKETING_VERSION = 1.0.3;
				OTHER_LDFLAGS = (
					"-framework",
					SafariServices,
					"-framework",
					WebKit,
				);
				PRODUCT_BUNDLE_IDENTIFIER = io.github.TaYaKi71751.DoNotTranslateRedPost;
				PRODUCT_NAME = DoNotTranslateRedPost;
				REGISTER_APP_GROUPS = YES;
				SDKROOT = macosx;
				SWIFT_EMIT_LOC_STRINGS = YES;
				SWIFT_VERSION = 5.0;
			};
			name = Release;
		};
		2F50F9F72E0B7D100002926F /* Debug */ = {
			isa = XCBuildConfiguration;
			buildSettings = {
				ALWAYS_SEARCH_USER_PATHS = NO;
				ASSETCATALOG_COMPILER_GENERATE_SWIFT_ASSET_SYMBOL_EXTENSIONS = YES;
				CLANG_ANALYZER_NONNULL = YES;
				CLANG_ANALYZER_NUMBER_OBJECT_CONVERSION = YES_AGGRESSIVE;
				CLANG_CXX_LANGUAGE_STANDARD = "gnu++20";
				CLANG_ENABLE_MODULES = YES;
				CLANG_ENABLE_OBJC_ARC = YES;
				CLANG_ENABLE_OBJC_WEAK = YES;
				CLANG_WARN_BLOCK_CAPTURE_AUTORELEASING = YES;
				CLANG_WARN_BOOL_CONVERSION = YES;
				CLANG_WARN_COMMA = YES;
				CLANG_WARN_CONSTANT_CONVERSION = YES;
				CLANG_WARN_DEPRECATED_OBJC_IMPLEMENTATIONS = YES;
				CLANG_WARN_DIRECT_OBJC_ISA_USAGE = YES_ERROR;
				CLANG_WARN_DOCUMENTATION_COMMENTS = YES;
				CLANG_WARN_EMPTY_BODY = YES;
				CLANG_WARN_ENUM_CONVERSION = YES;
				CLANG_WARN_INFINITE_RECURSION = YES;
				CLANG_WARN_INT_CONVERSION = YES;
				CLANG_WARN_NON_LITERAL_NULL_CONVERSION = YES;
				CLANG_WARN_OBJC_IMPLICIT_RETAIN_SELF = YES;
				CLANG_WARN_OBJC_LITERAL_CONVERSION = YES;
				CLANG_WARN_OBJC_ROOT_CLASS = YES_ERROR;
				CLANG_WARN_QUOTED_INCLUDE_IN_FRAMEWORK_HEADER = YES;
				CLANG_WARN_RANGE_LOOP_ANALYSIS = YES;
				CLANG_WARN_STRICT_PROTOTYPES = YES;
				CLANG_WARN_SUSPICIOUS_MOVE = YES;
				CLANG_WARN_UNGUARDED_AVAILABILITY = YES_AGGRESSIVE;
				CLANG_WARN_UNREACHABLE_CODE = YES;
				CLANG_WARN__DUPLICATE_METHOD_MATCH = YES;
				COPY_PHASE_STRIP = NO;
				DEBUG_INFORMATION_FORMAT = dwarf;
				DEVELOPMENT_TEAM = 84ML4G2PN8;
				ENABLE_STRICT_OBJC_MSGSEND = YES;
				ENABLE_TESTABILITY = YES;
				ENABLE_USER_SCRIPT_SANDBOXING = YES;
				GCC_C_LANGUAGE_STANDARD = gnu17;
				GCC_DYNAMIC_NO_PIC = NO;
				GCC_NO_COMMON_BLOCKS = YES;
				GCC_OPTIMIZATION_LEVEL = 0;
				GCC_PREPROCESSOR_DEFINITIONS = (
					"DEBUG=1",
					"$(inherited)",
				);
				GCC_WARN_64_TO_32_BIT_CONVERSION = YES;
				GCC_WARN_ABOUT_RETURN_TYPE = YES_ERROR;
				GCC_WARN_UNDECLARED_SELECTOR = YES;
				GCC_WARN_UNINITIALIZED_AUTOS = YES_AGGRESSIVE;
				GCC_WARN_UNUSED_FUNCTION = YES;
				GCC_WARN_UNUSED_VARIABLE = YES;
				LOCALIZATION_PREFERS_STRING_CATALOGS = YES;
				MTL_ENABLE_DEBUG_INFO = INCLUDE_SOURCE;
				MTL_FAST_MATH = YES;
				ONLY_ACTIVE_ARCH = YES;
				SWIFT_ACTIVE_COMPILATION_CONDITIONS = "DEBUG $(inherited)";
				SWIFT_OPTIMIZATION_LEVEL = "-Onone";
			};
			name = Debug;
		};
		2F50F9F82E0B7D100002926F /* Release */ = {
			isa = XCBuildConfiguration;
			buildSettings = {
				ALWAYS_SEARCH_USER_PATHS = NO;
				ASSETCATALOG_COMPILER_GENERATE_SWIFT_ASSET_SYMBOL_EXTENSIONS = YES;
				CLANG_ANALYZER_NONNULL = YES;
				CLANG_ANALYZER_NUMBER_OBJECT_CONVERSION = YES_AGGRESSIVE;
				CLANG_CXX_LANGUAGE_STANDARD = "gnu++20";
				CLANG_ENABLE_MODULES = YES;
				CLANG_ENABLE_OBJC_ARC = YES;
				CLANG_ENABLE_OBJC_WEAK = YES;
				CLANG_WARN_BLOCK_CAPTURE_AUTORELEASING = YES;
				CLANG_WARN_BOOL_CONVERSION = YES;
				CLANG_WARN_COMMA = YES;
				CLANG_WARN_CONSTANT_CONVERSION = YES;
				CLANG_WARN_DEPRECATED_OBJC_IMPLEMENTATIONS = YES;
				CLANG_WARN_DIRECT_OBJC_ISA_USAGE = YES_ERROR;
				CLANG_WARN_DOCUMENTATION_COMMENTS = YES;
				CLANG_WARN_EMPTY_BODY = YES;
				CLANG_WARN_ENUM_CONVERSION = YES;
				CLANG_WARN_INFINITE_RECURSION = YES;
				CLANG_WARN_INT_CONVERSION = YES;
				CLANG_WARN_NON_LITERAL_NULL_CONVERSION = YES;
				CLANG_WARN_OBJC_IMPLICIT_RETAIN_SELF = YES;
				CLANG_WARN_OBJC_LITERAL_CONVERSION = YES;
				CLANG_WARN_OBJC_ROOT_CLASS = YES_ERROR;
				CLANG_WARN_QUOTED_INCLUDE_IN_FRAMEWORK_HEADER = YES;
				CLANG_WARN_RANGE_LOOP_ANALYSIS = YES;
				CLANG_WARN_STRICT_PROTOTYPES = YES;
				CLANG_WARN_SUSPICIOUS_MOVE = YES;
				CLANG_WARN_UNGUARDED_AVAILABILITY = YES_AGGRESSIVE;
				CLANG_WARN_UNREACHABLE_CODE = YES;
				CLANG_WARN__DUPLICATE_METHOD_MATCH = YES;
				COPY_PHASE_STRIP = NO;
				DEBUG_INFORMATION_FORMAT = "dwarf-with-dsym";
				DEVELOPMENT_TEAM = 84ML4G2PN8;
				ENABLE_NS_ASSERTIONS = NO;
				ENABLE_STRICT_OBJC_MSGSEND = YES;
				ENABLE_USER_SCRIPT_SANDBOXING = YES;
				GCC_C_LANGUAGE_STANDARD = gnu17;
				GCC_NO_COMMON_BLOCKS = YES;
				GCC_WARN_64_TO_32_BIT_CONVERSION = YES;
				GCC_WARN_ABOUT_RETURN_TYPE = YES_ERROR;
				GCC_WARN_UNDECLARED_SELECTOR = YES;
				GCC_WARN_UNINITIALIZED_AUTOS = YES_AGGRESSIVE;
				GCC_WARN_UNUSED_FUNCTION = YES;
				GCC_WARN_UNUSED_VARIABLE = YES;
				LOCALIZATION_PREFERS_STRING_CATALOGS = YES;
				MTL_ENABLE_DEBUG_INFO = NO;
				MTL_FAST_MATH = YES;
				SWIFT_COMPILATION_MODE = wholemodule;
			};
			name = Release;
		};
/* End XCBuildConfiguration section */

/* Begin XCConfigurationList section */
		2F50F97C2E0B7D0B0002926F /* Build configuration list for PBXProject "DoNotTranslateRedPost" */ = {
			isa = XCConfigurationList;
			buildConfigurations = (
				2F50F9F72E0B7D100002926F /* Debug */,
				2F50F9F82E0B7D100002926F /* Release */,
			);
			defaultConfigurationIsVisible = 0;
			defaultConfigurationName = Release;
		};
		2F50F9E32E0B7D100002926F /* Build configuration list for PBXNativeTarget "DoNotTranslateRedPost Extension (iOS)" */ = {
			isa = XCConfigurationList;
			buildConfigurations = (
				2F50F9E42E0B7D100002926F /* Debug */,
				2F50F9E52E0B7D100002926F /* Release */,
			);
			defaultConfigurationIsVisible = 0;
			defaultConfigurationName = Release;
		};
		2F50F9E82E0B7D100002926F /* Build configuration list for PBXNativeTarget "DoNotTranslateRedPost (iOS)" */ = {
			isa = XCConfigurationList;
			buildConfigurations = (
				2F50F9E92E0B7D100002926F /* Debug */,
				2F50F9EA2E0B7D100002926F /* Release */,
			);
			defaultConfigurationIsVisible = 0;
			defaultConfigurationName = Release;
		};
		2F50F9ED2E0B7D100002926F /* Build configuration list for PBXNativeTarget "DoNotTranslateRedPost Extension (macOS)" */ = {
			isa = XCConfigurationList;
			buildConfigurations = (
				2F50F9EE2E0B7D100002926F /* Debug */,
				2F50F9EF2E0B7D100002926F /* Release */,
			);
			defaultConfigurationIsVisible = 0;
			defaultConfigurationName = Release;
		};
		2F50F9F22E0B7D100002926F /* Build configuration list for PBXNativeTarget "DoNotTranslateRedPost (macOS)" */ = {
			isa = XCConfigurationList;
			buildConfigurations = (
				2F50F9F32E0B7D100002926F /* Debug */,
				2F50F9F42E0B7D100002926F /* Release */,
			);
			defaultConfigurationIsVisible = 0;
			defaultConfigurationName = Release;
		};
/* End XCConfigurationList section */
	};
	rootObject = 2F50F9792E0B7D0B0002926F /* Project object */;
}
